schema: '2.0'
stages:
  prepare:
    cmd: OCRBENCH_DATA_DIR=data ocrbench prepare --run-id 2026-09-22-a --force
    deps:
    - path: configs/datasets
      hash: md5
      md5: b6da9053a3a2ecadf784572588a8d608.dir
      size: 1504
      nfiles: 2
    - path: configs/run.yaml
      hash: md5
      md5: dddd1480e8d2c22d737a7fd41b714f64
      size: 380
    - path: data/statements
      hash: md5
      md5: c54d95d781c70338dfdd5466656470b8.dir
      size: 129018076
      nfiles: 31
    - path: ocr_bench/data
      hash: md5
      md5: 682b4a261c2c36e676df09133d12e731.dir
      size: 31014
      nfiles: 6
    outs:
    - path: data/runs/2026-09-22-a/config.resolved.yaml
      hash: md5
      md5: be36f2e63e95061ebe2235d813a37cde
      size: 2182
    - path: data/runs/2026-09-22-a/gt
      hash: md5
      md5: 64a6fa9b902122f5e1d702da829e5fef.dir
      size: 6289243
      nfiles: 1878
    - path: data/runs/2026-09-22-a/img
      hash: md5
      md5: 5c0983e08d1bbdea383ff8c1e903d078.dir
      size: 7640394768
      nfiles: 6846
    - path: data/runs/2026-09-22-a/manifest.jsonl
      hash: md5
      md5: e3a31a572253a313c03df4396414e9fe
      size: 4967676
    - path: data/runs/2026-09-22-a/prepare_summary.json
      hash: md5
      md5: f110b22b2293c2e4efb7b06ec91ac774
      size: 1556
