schema: '2.0'
stages:
  prepare:
    cmd: OCRBENCH_DATA_DIR=data ocrbench prepare --run-id 2026-09-22-a --force
    deps:
    - path: configs/datasets
      hash: md5
      md5: b6da9053a3a2ecadf784572588a8d608.dir
      size: 1504
      nfiles: 2
    - path: configs/run.yaml
      hash: md5
      md5: dddd1480e8d2c22d737a7fd41b714f64
      size: 380
    - path: data/statements
      hash: md5
      md5: c54d95d781c70338dfdd5466656470b8.dir
      size: 129018076
      nfiles: 31
    - path: ocr_bench/data
      hash: md5
      md5: 9b4a67fbb9cafd8fd5b15c06f9ef2055.dir
      size: 38718
      nfiles: 7
    outs:
    - path: data/runs/2026-09-22-a/config.resolved.yaml
      hash: md5
      md5: be36f2e63e95061ebe2235d813a37cde
      size: 2182
    - path: data/runs/2026-09-22-a/gt
      hash: md5
      md5: f34e2d4f4eebab3dabc6ee9084369b32.dir
      size: 10710118
      nfiles: 2018
    - path: data/runs/2026-09-22-a/img
      hash: md5
      md5: 5c0983e08d1bbdea383ff8c1e903d078.dir
      size: 7640394768
      nfiles: 6846
    - path: data/runs/2026-09-22-a/manifest.jsonl
      hash: md5
      md5: 39a815cc2df7f7a3fe6996e6dcc57991
      size: 4973712
    - path: data/runs/2026-09-22-a/prepare_summary.json
      hash: md5
      md5: 3b9b4ebb103d98fc6ffeb8bcdba7c3aa
      size: 1471
